
Microsoft Visual Studio Solution File, Format Version 12.00
# Visual Studio Version 16
VisualStudioVersion = 16.0.29613.14
MinimumVisualStudioVersion = 10.0.40219.1
Project("{9A19103F-16F7-4668-BE54-9A1E7A4F7556}") = "CrimsonDev.Gameteki.Api", "Gameteki.Api\CrimsonDev.Gameteki.Api.csproj", "{ADB317E2-1B70-4C3C-BF88-E0C46C3E29DB}"
EndProject
Project("{9A19103F-16F7-4668-BE54-9A1E7A4F7556}") = "CrimsonDev.Gameteki.Api.Tests", "Gameteki.Api.Tests\CrimsonDev.Gameteki.Api.Tests.csproj", "{B184D589-1012-42A6-A380-8F5819667315}"
EndProject
Project("{2150E333-8FDC-42A3-9474-1A3956D46DE8}") = "Submodules", "Submodules", "{B6BA1E32-04DB-48A8-80DA-957F1D30FF8A}"
EndProject
Project("{9A19103F-16F7-4668-BE54-9A1E7A4F7556}") = "CrimsonDev.Gameteki.Data", "Gameteki.Data\CrimsonDev.Gameteki.Data.csproj", "{EB2DD0DC-972E-4905-9C2D-4F924B2F60DD}"
EndProject
Global
	GlobalSection(SolutionConfigurationPlatforms) = preSolution
		Debug|Any CPU = Debug|Any CPU
		Release|Any CPU = Release|Any CPU
	EndGlobalSection
	GlobalSection(ProjectConfigurationPlatforms) = postSolution
		{ADB317E2-1B70-4C3C-BF88-E0C46C3E29DB}.Debug|Any CPU.ActiveCfg = Debug|Any CPU
		{ADB317E2-1B70-4C3C-BF88-E0C46C3E29DB}.Debug|Any CPU.Build.0 = Debug|Any CPU
		{ADB317E2-1B70-4C3C-BF88-E0C46C3E29DB}.Release|Any CPU.ActiveCfg = Release|Any CPU
		{ADB317E2-1B70-4C3C-BF88-E0C46C3E29DB}.Release|Any CPU.Build.0 = Release|Any CPU
		{B184D589-1012-42A6-A380-8F5819667315}.Debug|Any CPU.ActiveCfg = Debug|Any CPU
		{B184D589-1012-42A6-A380-8F5819667315}.Debug|Any CPU.Build.0 = Debug|Any CPU
		{B184D589-1012-42A6-A380-8F5819667315}.Release|Any CPU.ActiveCfg = Release|Any CPU
		{B184D589-1012-42A6-A380-8F5819667315}.Release|Any CPU.Build.0 = Release|Any CPU
		{EB2DD0DC-972E-4905-9C2D-4F924B2F60DD}.Debug|Any CPU.ActiveCfg = Debug|Any CPU
		{EB2DD0DC-972E-4905-9C2D-4F924B2F60DD}.Debug|Any CPU.Build.0 = Debug|Any CPU
		{EB2DD0DC-972E-4905-9C2D-4F924B2F60DD}.Release|Any CPU.ActiveCfg = Release|Any CPU
		{EB2DD0DC-972E-4905-9C2D-4F924B2F60DD}.Release|Any CPU.Build.0 = Release|Any CPU
	EndGlobalSection
	GlobalSection(SolutionProperties) = preSolution
		HideSolutionNode = FALSE
	EndGlobalSection
	GlobalSection(NestedProjects) = preSolution
		{EB2DD0DC-972E-4905-9C2D-4F924B2F60DD} = {B6BA1E32-04DB-48A8-80DA-957F1D30FF8A}
	EndGlobalSection
	GlobalSection(ExtensibilityGlobals) = postSolution
		SolutionGuid = {C73D6005-4B5A-4BFA-8FD1-4C133D4932E1}
	EndGlobalSection
EndGlobal
